
Microsoft Visual Studio Solution File, Format Version 12.00
# Visual Studio Version 17
VisualStudioVersion = 17.9.34728.123
MinimumVisualStudioVersion = 10.0.40219.1
Project("{9A19103F-16F7-4668-BE54-9A1E7A4F7556}") = "ZeissAssessment", "ZeissAssessment\ZeissAssessment.csproj", "{B774689B-EF11-4A96-9AB7-A928A9CF8968}"
EndProject
Project("{FAE04EC0-301F-11D3-BF4B-00C04F79EFBC}") = "ZeissAssessmentTest", "ZeissAssessmentTest\ZeissAssessmentTest.csproj", "{27132BF5-7F80-48FB-977A-88763A527E8E}"
EndProject
Global
	GlobalSection(SolutionConfigurationPlatforms) = preSolution
		Debug|Any CPU = Debug|Any CPU
		Release|Any CPU = Release|Any CPU
	EndGlobalSection
	GlobalSection(ProjectConfigurationPlatforms) = postSolution
		{B774689B-EF11-4A96-9AB7-A928A9CF8968}.Debug|Any CPU.ActiveCfg = Debug|Any CPU
		{B774689B-EF11-4A96-9AB7-A928A9CF8968}.Debug|Any CPU.Build.0 = Debug|Any CPU
		{B774689B-EF11-4A96-9AB7-A928A9CF8968}.Release|Any CPU.ActiveCfg = Release|Any CPU
		{B774689B-EF11-4A96-9AB7-A928A9CF8968}.Release|Any CPU.Build.0 = Release|Any CPU
		{27132BF5-7F80-48FB-977A-88763A527E8E}.Debug|Any CPU.ActiveCfg = Debug|Any CPU
		{27132BF5-7F80-48FB-977A-88763A527E8E}.Debug|Any CPU.Build.0 = Debug|Any CPU
		{27132BF5-7F80-48FB-977A-88763A527E8E}.Release|Any CPU.ActiveCfg = Release|Any CPU
		{27132BF5-7F80-48FB-977A-88763A527E8E}.Release|Any CPU.Build.0 = Release|Any CPU
	EndGlobalSection
	GlobalSection(SolutionProperties) = preSolution
		HideSolutionNode = FALSE
	EndGlobalSection
	GlobalSection(ExtensibilityGlobals) = postSolution
		SolutionGuid = {BB0795BB-558B-45C8-AC34-CC344924D8B1}
	EndGlobalSection
EndGlobal
